
Microsoft Visual Studio Solution File, Format Version 12.00
Project("{FAE04EC0-301F-11D3-BF4B-00C04F79EFBC}") = "BetterVirtualDesktops", "BetterVirtualDesktops.csproj", "{C91E8C87-C186-4F47-A3BF-0FAAF9E316C8}"
EndProject
Global
	GlobalSection(SolutionConfigurationPlatforms) = preSolution
		Debug|Any CPU = Debug|Any CPU
		Release|Any CPU = Release|Any CPU
	EndGlobalSection
	GlobalSection(ProjectConfigurationPlatforms) = postSolution
		{C91E8C87-C186-4F47-A3BF-0FAAF9E316C8}.Debug|Any CPU.ActiveCfg = Debug|Any CPU
		{C91E8C87-C186-4F47-A3BF-0FAAF9E316C8}.Debug|Any CPU.Build.0 = Debug|Any CPU
		{C91E8C87-C186-4F47-A3BF-0FAAF9E316C8}.Release|Any CPU.ActiveCfg = Release|Any CPU
		{C91E8C87-C186-4F47-A3BF-0FAAF9E316C8}.Release|Any CPU.Build.0 = Release|Any CPU
	EndGlobalSection
EndGlobal
